
Microsoft Visual Studio Solution File, Format Version 12.00
# Visual Studio 15
VisualStudioVersion = 15.0.26430.6
MinimumVisualStudioVersion = 10.0.40219.1
Project("{FAE04EC0-301F-11D3-BF4B-00C04F79EFBC}") = "Grafy.Logika", "Grafy\Grafy.Logika.csproj", "{76079361-D2DC-4349-84D3-440CCA944544}"
EndProject
Project("{FAE04EC0-301F-11D3-BF4B-00C04F79EFBC}") = "Grafy.Logika.Tests", "Grafy.Logika.Tests\Grafy.Logika.Tests.csproj", "{14798A4E-F7CF-4E0E-B7F3-E7A2B0CADDC6}"
EndProject
Project("{FAE04EC0-301F-11D3-BF4B-00C04F79EFBC}") = "Interface", "Interface\Interface.csproj", "{0A9068A3-A652-4239-9804-1B16C14CD473}"
EndProject
Global
	GlobalSection(SolutionConfigurationPlatforms) = preSolution
		Debug|Any CPU = Debug|Any CPU
		Release|Any CPU = Release|Any CPU
	EndGlobalSection
	GlobalSection(ProjectConfigurationPlatforms) = postSolution
		{76079361-D2DC-4349-84D3-440CCA944544}.Debug|Any CPU.ActiveCfg = Debug|Any CPU
		{76079361-D2DC-4349-84D3-440CCA944544}.Debug|Any CPU.Build.0 = Debug|Any CPU
		{76079361-D2DC-4349-84D3-440CCA944544}.Release|Any CPU.ActiveCfg = Release|Any CPU
		{76079361-D2DC-4349-84D3-440CCA944544}.Release|Any CPU.Build.0 = Release|Any CPU
		{14798A4E-F7CF-4E0E-B7F3-E7A2B0CADDC6}.Debug|Any CPU.ActiveCfg = Debug|Any CPU
		{14798A4E-F7CF-4E0E-B7F3-E7A2B0CADDC6}.Debug|Any CPU.Build.0 = Debug|Any CPU
		{14798A4E-F7CF-4E0E-B7F3-E7A2B0CADDC6}.Release|Any CPU.ActiveCfg = Release|Any CPU
		{14798A4E-F7CF-4E0E-B7F3-E7A2B0CADDC6}.Release|Any CPU.Build.0 = Release|Any CPU
		{0A9068A3-A652-4239-9804-1B16C14CD473}.Debug|Any CPU.ActiveCfg = Debug|Any CPU
		{0A9068A3-A652-4239-9804-1B16C14CD473}.Debug|Any CPU.Build.0 = Debug|Any CPU
		{0A9068A3-A652-4239-9804-1B16C14CD473}.Release|Any CPU.ActiveCfg = Release|Any CPU
		{0A9068A3-A652-4239-9804-1B16C14CD473}.Release|Any CPU.Build.0 = Release|Any CPU
	EndGlobalSection
	GlobalSection(SolutionProperties) = preSolution
		HideSolutionNode = FALSE
	EndGlobalSection
EndGlobal
